{
  "object": {
    "pins": [
      {
        "package": "QRCode",
        "repositoryURL": "https://github.com/WalletConnect/QRCode",
        "state": {
          "branch": null,
          "revision": "263f280d2c8144adfb0b6676109846cfc8dd552b",
          "version": "14.3.1"
        }
      },
      {
        "package": "SwiftDocCPlugin",
        "repositoryURL": "https://github.com/apple/swift-docc-plugin",
        "state": {
          "branch": null,
          "revision": "2eb22993b3dfd0c0d32729b357c8dabb6cd44680",
          "version": "1.4.2"
        }
      },
      {
        "package": "SymbolKit",
        "repositoryURL": "https://github.com/swiftlang/swift-docc-symbolkit",
        "state": {
          "branch": null,
          "revision": "b45d1f2ed151d057b54504d653e0da5552844e34",
          "version": "1.0.0"
        }
      },
      {
        "package": "swift-qrcode-generator",
        "repositoryURL": "https://github.com/dagronf/swift-qrcode-generator",
        "state": {
          "branch": null,
          "revision": "5ca09b6a2ad190f94aa3d6ddef45b187f8c0343b",
          "version": "1.0.3"
        }
      },
      {
        "package": "swift-snapshot-testing",
        "repositoryURL": "https://github.com/pointfreeco/swift-snapshot-testing",
        "state": {
          "branch": null,
          "revision": "f29e2014f6230cf7d5138fc899da51c7f513d467",
          "version": "1.10.0"
        }
      },
      {
        "package": "SwiftImageReadWrite",
        "repositoryURL": "https://github.com/dagronf/SwiftImageReadWrite",
        "state": {
          "branch": null,
          "revision": "5596407d1cf61b953b8e658fa8636a471df3c509",
          "version": "1.1.6"
        }
      },
      {
        "package": "CoinbaseWalletSDK",
        "repositoryURL": "https://github.com/WalletConnect/wallet-mobile-sdk",
        "state": {
          "branch": null,
          "revision": "b6dfb7d6b8447c7c5b238a10443a1ac28223f38f",
          "version": "1.0.0"
        }
      }
    ]
  },
  "version": 1
}
